
Microsoft Visual Studio Solution File, Format Version 12.00
# Visual Studio Version 17
VisualStudioVersion = 17.13.35931.197
MinimumVisualStudioVersion = 10.0.40219.1
Project("{2150E333-8FDC-42A3-9474-1A3956D46DE8}") = "Poc.Order.Api", "Poc.Order.Api", "{02EA681E-C7D8-13C7-8484-4AC65E1B71E8}"
EndProject
Project("{2150E333-8FDC-42A3-9474-1A3956D46DE8}") = "Poc.Order.Processor", "Poc.Order.Processor", "{83CAABCF-3B98-4B22-9F47-63B08DDDA29E}"
EndProject
Project("{FAE04EC0-301F-11D3-BF4B-00C04F79EFBC}") = "Poc.Order.Processor", "Poc.Order.Processor\Poc.Order.Processor.csproj", "{23317499-6E73-4EF2-A439-03CCAC24580B}"
EndProject
Project("{2150E333-8FDC-42A3-9474-1A3956D46DE8}") = "1 - Presentation", "1 - Presentation", "{75CC42B0-062C-47A9-97D3-BF6EFCCA4ACE}"
EndProject
Project("{2150E333-8FDC-42A3-9474-1A3956D46DE8}") = "2 - Domain", "2 - Domain", "{D6487D54-F4B2-49DE-9903-621922104FBB}"
EndProject
Project("{2150E333-8FDC-42A3-9474-1A3956D46DE8}") = "3 - Application", "3 - Application", "{E4EAE0D0-CC58-475D-9F80-11A8AAA8BB1B}"
EndProject
Project("{2150E333-8FDC-42A3-9474-1A3956D46DE8}") = "4 - Infrastructure", "4 - Infrastructure", "{78EEB370-5EC3-4207-AD92-52EF005D9E18}"
EndProject
Project("{2150E333-8FDC-42A3-9474-1A3956D46DE8}") = "5 - CrossCutting", "5 - CrossCutting", "{14305155-27A1-42AB-90D8-1490FC4F7790}"
EndProject
Project("{2150E333-8FDC-42A3-9474-1A3956D46DE8}") = "Solution Items", "Solution Items", "{8EC462FD-D22E-90A8-E5CE-7E832BA40C5D}"
	ProjectSection(SolutionItems) = preProject
		docker-compose.yml = docker-compose.yml
		..\README.md = ..\README.md
	EndProjectSection
EndProject
Project("{2150E333-8FDC-42A3-9474-1A3956D46DE8}") = "6 - Test", "6 - Test", "{A4C1444F-E9E7-485C-9320-BDC21D403F4E}"
EndProject
Project("{FAE04EC0-301F-11D3-BF4B-00C04F79EFBC}") = "Poc.Order.Api", "Poc.Order.Api\Poc.Order.Api.csproj", "{70AB37B6-6EC6-4EC0-8DF2-AF5BCE328D8D}"
EndProject
Project("{2150E333-8FDC-42A3-9474-1A3956D46DE8}") = "1 - Presentation", "1 - Presentation", "{010C5200-3094-4EB7-8C3B-F6CB890E5489}"
EndProject
Project("{2150E333-8FDC-42A3-9474-1A3956D46DE8}") = "2 - Domain", "2 - Domain", "{2D14EA43-0E48-4F42-8257-62D6E3DED9FD}"
EndProject
Project("{2150E333-8FDC-42A3-9474-1A3956D46DE8}") = "3 - Application", "3 - Application", "{17CC9C0E-B99E-4F5F-A369-0230E7B521C0}"
EndProject
Project("{2150E333-8FDC-42A3-9474-1A3956D46DE8}") = "4 - Infrastructure", "4 - Infrastructure", "{301A8616-D1F0-409E-90BE-CF222A9508F4}"
EndProject
Project("{2150E333-8FDC-42A3-9474-1A3956D46DE8}") = "5 - CrossCtting", "5 - CrossCtting", "{B0878ADC-C6A1-4E87-8ABE-99C34625DF6A}"
EndProject
Project("{2150E333-8FDC-42A3-9474-1A3956D46DE8}") = "6 - Test", "6 - Test", "{62EF82FD-F177-46B1-90D8-D9121493FB9A}"
EndProject
Project("{FAE04EC0-301F-11D3-BF4B-00C04F79EFBC}") = "Poc.Order.Api.Test", "..\test\Poc.Order.Processor.Test\Poc.Order.Api.Test.csproj", "{AF4630F1-2CD9-4B56-8F6A-EACD65C23B70}"
EndProject
Project("{FAE04EC0-301F-11D3-BF4B-00C04F79EFBC}") = "Poc.Order.Processor.Test", "..\test\Poc.Order.Api.Test\Poc.Order.Processor.Test.csproj", "{319F1A45-6A8D-4D7C-8856-2E64327C706F}"
EndProject
Project("{FAE04EC0-301F-11D3-BF4B-00C04F79EFBC}") = "Poc.Order.Api.Domain", "Poc.Order.Api.Domain\Poc.Order.Api.Domain.csproj", "{2C903333-020A-4CCB-8ECA-53932ED3D570}"
EndProject
Project("{FAE04EC0-301F-11D3-BF4B-00C04F79EFBC}") = "Poc.Order.Api.Application", "Poc.Order.Api.Application\Poc.Order.Api.Application.csproj", "{D2D77056-3ADB-4196-B671-7D64736465BF}"
EndProject
Project("{FAE04EC0-301F-11D3-BF4B-00C04F79EFBC}") = "Poc.Order.Api.Infrastructure.Data", "Poc.Order.Api.Infrastructure.Data\Poc.Order.Api.Infrastructure.Data.csproj", "{B2771E48-E573-43D2-8DBD-3E4E918BC934}"
EndProject
Project("{FAE04EC0-301F-11D3-BF4B-00C04F79EFBC}") = "Poc.Order.Api.IoC", "Poc.Order.Api.IoC\Poc.Order.Api.IoC.csproj", "{4DC52ED1-6385-42FC-B01D-408A85D2007A}"
EndProject
Project("{FAE04EC0-301F-11D3-BF4B-00C04F79EFBC}") = "Poc.Order.Api.Infrastructure.Publisher", "Poc.Order.Api.Infrastructure.Publisher\Poc.Order.Api.Infrastructure.Publisher.csproj", "{690B9FA8-56EE-443B-9627-2304D9C07F28}"
EndProject
Project("{FAE04EC0-301F-11D3-BF4B-00C04F79EFBC}") = "Poc.Order.Processor.IoC", "Poc.Order.Processor.IoC\Poc.Order.Processor.IoC.csproj", "{8B7AF440-DD76-468A-9123-90AC72170F07}"
EndProject
Project("{FAE04EC0-301F-11D3-BF4B-00C04F79EFBC}") = "Poc.Order.Processor.Subscriber", "Poc.Order.Processor.Subscriber\Poc.Order.Processor.Subscriber.csproj", "{90B481E3-83F3-414C-BE91-1BE703ABFDEF}"
EndProject
Project("{FAE04EC0-301F-11D3-BF4B-00C04F79EFBC}") = "Poc.Order.Processor.Domain", "Poc.Order.Processor.Domain\Poc.Order.Processor.Domain.csproj", "{7F57C674-BB82-42F3-ADB4-44625548B4CE}"
EndProject
Global
	GlobalSection(SolutionConfigurationPlatforms) = preSolution
		Debug|Any CPU = Debug|Any CPU
		Release|Any CPU = Release|Any CPU
	EndGlobalSection
	GlobalSection(ProjectConfigurationPlatforms) = postSolution
		{23317499-6E73-4EF2-A439-03CCAC24580B}.Debug|Any CPU.ActiveCfg = Debug|Any CPU
		{23317499-6E73-4EF2-A439-03CCAC24580B}.Debug|Any CPU.Build.0 = Debug|Any CPU
		{23317499-6E73-4EF2-A439-03CCAC24580B}.Release|Any CPU.ActiveCfg = Release|Any CPU
		{23317499-6E73-4EF2-A439-03CCAC24580B}.Release|Any CPU.Build.0 = Release|Any CPU
		{70AB37B6-6EC6-4EC0-8DF2-AF5BCE328D8D}.Debug|Any CPU.ActiveCfg = Debug|Any CPU
		{70AB37B6-6EC6-4EC0-8DF2-AF5BCE328D8D}.Debug|Any CPU.Build.0 = Debug|Any CPU
		{70AB37B6-6EC6-4EC0-8DF2-AF5BCE328D8D}.Release|Any CPU.ActiveCfg = Release|Any CPU
		{70AB37B6-6EC6-4EC0-8DF2-AF5BCE328D8D}.Release|Any CPU.Build.0 = Release|Any CPU
		{AF4630F1-2CD9-4B56-8F6A-EACD65C23B70}.Debug|Any CPU.ActiveCfg = Debug|Any CPU
		{AF4630F1-2CD9-4B56-8F6A-EACD65C23B70}.Debug|Any CPU.Build.0 = Debug|Any CPU
		{AF4630F1-2CD9-4B56-8F6A-EACD65C23B70}.Release|Any CPU.ActiveCfg = Release|Any CPU
		{AF4630F1-2CD9-4B56-8F6A-EACD65C23B70}.Release|Any CPU.Build.0 = Release|Any CPU
		{319F1A45-6A8D-4D7C-8856-2E64327C706F}.Debug|Any CPU.ActiveCfg = Debug|Any CPU
		{319F1A45-6A8D-4D7C-8856-2E64327C706F}.Debug|Any CPU.Build.0 = Debug|Any CPU
		{319F1A45-6A8D-4D7C-8856-2E64327C706F}.Release|Any CPU.ActiveCfg = Release|Any CPU
		{319F1A45-6A8D-4D7C-8856-2E64327C706F}.Release|Any CPU.Build.0 = Release|Any CPU
		{2C903333-020A-4CCB-8ECA-53932ED3D570}.Debug|Any CPU.ActiveCfg = Debug|Any CPU
		{2C903333-020A-4CCB-8ECA-53932ED3D570}.Debug|Any CPU.Build.0 = Debug|Any CPU
		{2C903333-020A-4CCB-8ECA-53932ED3D570}.Release|Any CPU.ActiveCfg = Release|Any CPU
		{2C903333-020A-4CCB-8ECA-53932ED3D570}.Release|Any CPU.Build.0 = Release|Any CPU
		{D2D77056-3ADB-4196-B671-7D64736465BF}.Debug|Any CPU.ActiveCfg = Debug|Any CPU
		{D2D77056-3ADB-4196-B671-7D64736465BF}.Debug|Any CPU.Build.0 = Debug|Any CPU
		{D2D77056-3ADB-4196-B671-7D64736465BF}.Release|Any CPU.ActiveCfg = Release|Any CPU
		{D2D77056-3ADB-4196-B671-7D64736465BF}.Release|Any CPU.Build.0 = Release|Any CPU
		{B2771E48-E573-43D2-8DBD-3E4E918BC934}.Debug|Any CPU.ActiveCfg = Debug|Any CPU
		{B2771E48-E573-43D2-8DBD-3E4E918BC934}.Debug|Any CPU.Build.0 = Debug|Any CPU
		{B2771E48-E573-43D2-8DBD-3E4E918BC934}.Release|Any CPU.ActiveCfg = Release|Any CPU
		{B2771E48-E573-43D2-8DBD-3E4E918BC934}.Release|Any CPU.Build.0 = Release|Any CPU
		{4DC52ED1-6385-42FC-B01D-408A85D2007A}.Debug|Any CPU.ActiveCfg = Debug|Any CPU
		{4DC52ED1-6385-42FC-B01D-408A85D2007A}.Debug|Any CPU.Build.0 = Debug|Any CPU
		{4DC52ED1-6385-42FC-B01D-408A85D2007A}.Release|Any CPU.ActiveCfg = Release|Any CPU
		{4DC52ED1-6385-42FC-B01D-408A85D2007A}.Release|Any CPU.Build.0 = Release|Any CPU
		{690B9FA8-56EE-443B-9627-2304D9C07F28}.Debug|Any CPU.ActiveCfg = Debug|Any CPU
		{690B9FA8-56EE-443B-9627-2304D9C07F28}.Debug|Any CPU.Build.0 = Debug|Any CPU
		{690B9FA8-56EE-443B-9627-2304D9C07F28}.Release|Any CPU.ActiveCfg = Release|Any CPU
		{690B9FA8-56EE-443B-9627-2304D9C07F28}.Release|Any CPU.Build.0 = Release|Any CPU
		{8B7AF440-DD76-468A-9123-90AC72170F07}.Debug|Any CPU.ActiveCfg = Debug|Any CPU
		{8B7AF440-DD76-468A-9123-90AC72170F07}.Debug|Any CPU.Build.0 = Debug|Any CPU
		{8B7AF440-DD76-468A-9123-90AC72170F07}.Release|Any CPU.ActiveCfg = Release|Any CPU
		{8B7AF440-DD76-468A-9123-90AC72170F07}.Release|Any CPU.Build.0 = Release|Any CPU
		{90B481E3-83F3-414C-BE91-1BE703ABFDEF}.Debug|Any CPU.ActiveCfg = Debug|Any CPU
		{90B481E3-83F3-414C-BE91-1BE703ABFDEF}.Debug|Any CPU.Build.0 = Debug|Any CPU
		{90B481E3-83F3-414C-BE91-1BE703ABFDEF}.Release|Any CPU.ActiveCfg = Release|Any CPU
		{90B481E3-83F3-414C-BE91-1BE703ABFDEF}.Release|Any CPU.Build.0 = Release|Any CPU
		{7F57C674-BB82-42F3-ADB4-44625548B4CE}.Debug|Any CPU.ActiveCfg = Debug|Any CPU
		{7F57C674-BB82-42F3-ADB4-44625548B4CE}.Debug|Any CPU.Build.0 = Debug|Any CPU
		{7F57C674-BB82-42F3-ADB4-44625548B4CE}.Release|Any CPU.ActiveCfg = Release|Any CPU
		{7F57C674-BB82-42F3-ADB4-44625548B4CE}.Release|Any CPU.Build.0 = Release|Any CPU
	EndGlobalSection
	GlobalSection(SolutionProperties) = preSolution
		HideSolutionNode = FALSE
	EndGlobalSection
	GlobalSection(NestedProjects) = preSolution
		{23317499-6E73-4EF2-A439-03CCAC24580B} = {75CC42B0-062C-47A9-97D3-BF6EFCCA4ACE}
		{75CC42B0-062C-47A9-97D3-BF6EFCCA4ACE} = {83CAABCF-3B98-4B22-9F47-63B08DDDA29E}
		{D6487D54-F4B2-49DE-9903-621922104FBB} = {83CAABCF-3B98-4B22-9F47-63B08DDDA29E}
		{E4EAE0D0-CC58-475D-9F80-11A8AAA8BB1B} = {83CAABCF-3B98-4B22-9F47-63B08DDDA29E}
		{78EEB370-5EC3-4207-AD92-52EF005D9E18} = {83CAABCF-3B98-4B22-9F47-63B08DDDA29E}
		{14305155-27A1-42AB-90D8-1490FC4F7790} = {83CAABCF-3B98-4B22-9F47-63B08DDDA29E}
		{A4C1444F-E9E7-485C-9320-BDC21D403F4E} = {83CAABCF-3B98-4B22-9F47-63B08DDDA29E}
		{70AB37B6-6EC6-4EC0-8DF2-AF5BCE328D8D} = {010C5200-3094-4EB7-8C3B-F6CB890E5489}
		{010C5200-3094-4EB7-8C3B-F6CB890E5489} = {02EA681E-C7D8-13C7-8484-4AC65E1B71E8}
		{2D14EA43-0E48-4F42-8257-62D6E3DED9FD} = {02EA681E-C7D8-13C7-8484-4AC65E1B71E8}
		{17CC9C0E-B99E-4F5F-A369-0230E7B521C0} = {02EA681E-C7D8-13C7-8484-4AC65E1B71E8}
		{301A8616-D1F0-409E-90BE-CF222A9508F4} = {02EA681E-C7D8-13C7-8484-4AC65E1B71E8}
		{B0878ADC-C6A1-4E87-8ABE-99C34625DF6A} = {02EA681E-C7D8-13C7-8484-4AC65E1B71E8}
		{62EF82FD-F177-46B1-90D8-D9121493FB9A} = {02EA681E-C7D8-13C7-8484-4AC65E1B71E8}
		{AF4630F1-2CD9-4B56-8F6A-EACD65C23B70} = {62EF82FD-F177-46B1-90D8-D9121493FB9A}
		{319F1A45-6A8D-4D7C-8856-2E64327C706F} = {A4C1444F-E9E7-485C-9320-BDC21D403F4E}
		{2C903333-020A-4CCB-8ECA-53932ED3D570} = {2D14EA43-0E48-4F42-8257-62D6E3DED9FD}
		{D2D77056-3ADB-4196-B671-7D64736465BF} = {17CC9C0E-B99E-4F5F-A369-0230E7B521C0}
		{B2771E48-E573-43D2-8DBD-3E4E918BC934} = {301A8616-D1F0-409E-90BE-CF222A9508F4}
		{4DC52ED1-6385-42FC-B01D-408A85D2007A} = {301A8616-D1F0-409E-90BE-CF222A9508F4}
		{690B9FA8-56EE-443B-9627-2304D9C07F28} = {301A8616-D1F0-409E-90BE-CF222A9508F4}
		{8B7AF440-DD76-468A-9123-90AC72170F07} = {78EEB370-5EC3-4207-AD92-52EF005D9E18}
		{90B481E3-83F3-414C-BE91-1BE703ABFDEF} = {78EEB370-5EC3-4207-AD92-52EF005D9E18}
		{7F57C674-BB82-42F3-ADB4-44625548B4CE} = {D6487D54-F4B2-49DE-9903-621922104FBB}
	EndGlobalSection
	GlobalSection(ExtensibilityGlobals) = postSolution
		SolutionGuid = {9526E7A9-8201-4F52-8FD0-EA785BE21FFA}
	EndGlobalSection
EndGlobal
